
Microsoft Visual Studio Solution File, Format Version 12.00
# Visual Studio Version 17
VisualStudioVersion = 17.5.002.0
MinimumVisualStudioVersion = 10.0.40219.1
Project("{9A19103F-16F7-4668-BE54-9A1E7A4F7556}") = "MyWebApi", "MyWebApi.csproj", "{AEC13AC1-67B5-4620-B2C9-A2E73E772069}"
EndProject
Global
	GlobalSection(SolutionConfigurationPlatforms) = preSolution
		Debug|Any CPU = Debug|Any CPU
		Release|Any CPU = Release|Any CPU
	EndGlobalSection
	GlobalSection(ProjectConfigurationPlatforms) = postSolution
		{AEC13AC1-67B5-4620-B2C9-A2E73E772069}.Debug|Any CPU.ActiveCfg = Debug|Any CPU
		{AEC13AC1-67B5-4620-B2C9-A2E73E772069}.Debug|Any CPU.Build.0 = Debug|Any CPU
		{AEC13AC1-67B5-4620-B2C9-A2E73E772069}.Release|Any CPU.ActiveCfg = Release|Any CPU
		{AEC13AC1-67B5-4620-B2C9-A2E73E772069}.Release|Any CPU.Build.0 = Release|Any CPU
	EndGlobalSection
	GlobalSection(SolutionProperties) = preSolution
		HideSolutionNode = FALSE
	EndGlobalSection
	GlobalSection(ExtensibilityGlobals) = postSolution
		SolutionGuid = {0C1A3C1A-92D7-4099-93EF-B7C885774BEC}
	EndGlobalSection
EndGlobal
